// !$*UTF8*$!
{
	archiveVersion = 1;
	classes = {
	};
	objectVersion = 56;
	objects = {

/* Begin PBXBuildFile section */
		2B50C6672A8E845F00A8512C /* MainMenuApp.swift in Sources */ = {isa = PBXBuildFile; fileRef = 2B50C6662A8E845F00A8512C /* MainMenuApp.swift */; };
		2B50C6692A8E845F00A8512C /* ContentView.swift in Sources */ = {isa = PBXBuildFile; fileRef = 2B50C6682A8E845F00A8512C /* ContentView.swift */; };
		2B50C66B2A8E846100A8512C /* Assets.xcassets in Resources */ = {isa = PBXBuildFile; fileRef = 2B50C66A2A8E846100A8512C /* Assets.xcassets */; };
		2B50C66E2A8E846100A8512C /* Preview Assets.xcassets in Resources */ = {isa = PBXBuildFile; fileRef = 2B50C66D2A8E846100A8512C /* Preview Assets.xcassets */; };
		2B50C6782A8E846100A8512C /* MainMenuTests.swift in Sources */ = {isa = PBXBuildFile; fileRef = 2B50C6772A8E846100A8512C /* MainMenuTests.swift */; };
		2B50C6822A8E846100A8512C /* MainMenuUITests.swift in Sources */ = {isa = PBXBuildFile; fileRef = 2B50C6812A8E846100A8512C /* MainMenuUITests.swift */; };
		2B50C6842A8E846100A8512C /* MainMenuUITestsLaunchTests.swift in Sources */ = {isa = PBXBuildFile; fileRef = 2B50C6832A8E846100A8512C /* MainMenuUITestsLaunchTests.swift */; };
/* End PBXBuildFile section */

/* Begin PBXContainerItemProxy section */
		2B50C6742A8E846100A8512C /* PBXContainerItemProxy */ = {
			isa = PBXContainerItemProxy;
			containerPortal = 2B50C65B2A8E845F00A8512C /* Project object */;
			proxyType = 1;
			remoteGlobalIDString = 2B50C6622A8E845F00A8512C;
			remoteInfo = MainMenu;
		};
		2B50C67E2A8E846100A8512C /* PBXContainerItemProxy */ = {
			isa = PBXContainerItemProxy;
			containerPortal = 2B50C65B2A8E845F00A8512C /* Project object */;
			proxyType = 1;
			remoteGlobalIDString = 2B50C6622A8E845F00A8512C;
			remoteInfo = MainMenu;
		};
/* End PBXContainerItemProxy section */

/* Begin PBXFileReference section */
		2B50C6632A8E845F00A8512C /* MainMenu.app */ = {isa = PBXFileReference; explicitFileType = wrapper.application; includeInIndex = 0; path = MainMenu.app; sourceTree = BUILT_PRODUCTS_DIR; };
		2B50C6662A8E845F00A8512C /* MainMenuApp.swift */ = {isa = PBXFileReference; lastKnownFileType = sourcecode.swift; path = MainMenuApp.swift; sourceTree = "<group>"; };
		2B50C6682A8E845F00A8512C /* ContentView.swift */ = {isa = PBXFileReference; lastKnownFileType = sourcecode.swift; path = ContentView.swift; sourceTree = "<group>"; };
		2B50C66A2A8E846100A8512C /* Assets.xcassets */ = {isa = PBXFileReference; lastKnownFileType = folder.assetcatalog; path = Assets.xcassets; sourceTree = "<group>"; };
		2B50C66D2A8E846100A8512C /* Preview Assets.xcassets */ = {isa = PBXFileReference; lastKnownFileType = folder.assetcatalog; path = "Preview Assets.xcassets"; sourceTree = "<group>"; };
		2B50C6732A8E846100A8512C /* MainMenuTests.xctest */ = {isa = PBXFileReference; explicitFileType = wrapper.cfbundle; includeInIndex = 0; path = MainMenuTests.xctest; sourceTree = BUILT_PRODUCTS_DIR; };
		2B50C6772A8E846100A8512C /* MainMenuTests.swift */ = {isa = PBXFileReference; lastKnownFileType = sourcecode.swift; path = MainMenuTests.swift; sourceTree = "<group>"; };
		2B50C67D2A8E846100A8512C /* MainMenuUITests.xctest */ = {isa = PBXFileReference; explicitFileType = wrapper.cfbundle; includeInIndex = 0; path = MainMenuUITests.xctest; sourceTree = BUILT_PRODUCTS_DIR; };
		2B50C6812A8E846100A8512C /* MainMenuUITests.swift */ = {isa = PBXFileReference; lastKnownFileType = sourcecode.swift; path = MainMenuUITests.swift; sourceTree = "<group>"; };
		2B50C6832A8E846100A8512C /* MainMenuUITestsLaunchTests.swift */ = {isa = PBXFileReference; lastKnownFileType = sourcecode.swift; path = MainMenuUITestsLaunchTests.swift; sourceTree = "<group>"; };
/* End PBXFileReference section */

/* Begin PBXFrameworksBuildPhase section */
		2B50C6602A8E845F00A8512C /* Frameworks */ = {
			isa = PBXFrameworksBuildPhase;
			buildActionMask = 2147483647;
			files = (
			);
			runOnlyForDeploymentPostprocessing = 0;
		};
		2B50C6702A8E846100A8512C /* Frameworks */ = {
			isa = PBXFrameworksBuildPhase;
			buildActionMask = 2147483647;
			files = (
			);
			runOnlyForDeploymentPostprocessing = 0;
		};
		2B50C67A2A8E846100A8512C /* Frameworks */ = {
			isa = PBXFrameworksBuildPhase;
			buildActionMask = 2147483647;
			files = (
			);
			runOnlyForDeploymentPostprocessing = 0;
		};
/* End PBXFrameworksBuildPhase section */

/* Begin PBXGroup section */
		2B50C65A2A8E845F00A8512C = {
			isa = PBXGroup;
			children = (
				2B50C6652A8E845F00A8512C /* MainMenu */,
				2B50C6762A8E846100A8512C /* MainMenuTests */,
				2B50C6802A8E846100A8512C /* MainMenuUITests */,
				2B50C6642A8E845F00A8512C /* Products */,
			);
			sourceTree = "<group>";
		};
		2B50C6642A8E845F00A8512C /* Products */ = {
			isa = PBXGroup;
			children = (
				2B50C6632A8E845F00A8512C /* MainMenu.app */,
				2B50C6732A8E846100A8512C /* MainMenuTests.xctest */,
				2B50C67D2A8E846100A8512C /* MainMenuUITests.xctest */,
			);
			name = Products;
			sourceTree = "<group>";
		};
		2B50C6652A8E845F00A8512C /* MainMenu */ = {
			isa = PBXGroup;
			children = (
				2B50C6662A8E845F00A8512C /* MainMenuApp.swift */,
				2B50C6682A8E845F00A8512C /* ContentView.swift */,
				2B50C66A2A8E846100A8512C /* Assets.xcassets */,
				2B50C66C2A8E846100A8512C /* Preview Content */,
			);
			path = MainMenu;
			sourceTree = "<group>";
		};
		2B50C66C2A8E846100A8512C /* Preview Content */ = {
			isa = PBXGroup;
			children = (
				2B50C66D2A8E846100A8512C /* Preview Assets.xcassets */,
			);
			path = "Preview Content";
			sourceTree = "<group>";
		};
		2B50C6762A8E846100A8512C /* MainMenuTests */ = {
			isa = PBXGroup;
			children = (
				2B50C6772A8E846100A8512C /* MainMenuTests.swift */,
			);
			path = MainMenuTests;
			sourceTree = "<group>";
		};
		2B50C6802A8E846100A8512C /* MainMenuUITests */ = {
			isa = PBXGroup;
			children = (
				2B50C6812A8E846100A8512C /* MainMenuUITests.swift */,
				2B50C6832A8E846100A8512C /* MainMenuUITestsLaunchTests.swift */,
			);
			path = MainMenuUITests;
			sourceTree = "<group>";
		};
/* End PBXGroup section */

/* Begin PBXNativeTarget section */
		2B50C6622A8E845F00A8512C /* MainMenu */ = {
			isa = PBXNativeTarget;
			buildConfigurationList = 2B50C6872A8E846100A8512C /* Build configuration list for PBXNativeTarget "MainMenu" */;
			buildPhases = (
				2B50C65F2A8E845F00A8512C /* Sources */,
				2B50C6602A8E845F00A8512C /* Frameworks */,
				2B50C6612A8E845F00A8512C /* Resources */,
			);
			buildRules = (
			);
			dependencies = (
			);
			name = MainMenu;
			productName = MainMenu;
			productReference = 2B50C6632A8E845F00A8512C /* MainMenu.app */;
			productType = "com.apple.product-type.application";
		};
		2B50C6722A8E846100A8512C /* MainMenuTests */ = {
			isa = PBXNativeTarget;
			buildConfigurationList = 2B50C68A2A8E846100A8512C /* Build configuration list for PBXNativeTarget "MainMenuTests" */;
			buildPhases = (
				2B50C66F2A8E846100A8512C /* Sources */,
				2B50C6702A8E846100A8512C /* Frameworks */,
				2B50C6712A8E846100A8512C /* Resources */,
			);
			buildRules = (
			);
			dependencies = (
				2B50C6752A8E846100A8512C /* PBXTargetDependency */,
			);
			name = MainMenuTests;
			productName = MainMenuTests;
			productReference = 2B50C6732A8E846100A8512C /* MainMenuTests.xctest */;
			productType = "com.apple.product-type.bundle.unit-test";
		};
		2B50C67C2A8E846100A8512C /* MainMenuUITests */ = {
			isa = PBXNativeTarget;
			buildConfigurationList = 2B50C68D2A8E846100A8512C /* Build configuration list for PBXNativeTarget "MainMenuUITests" */;
			buildPhases = (
				2B50C6792A8E846100A8512C /* Sources */,
				2B50C67A2A8E846100A8512C /* Frameworks */,
				2B50C67B2A8E846100A8512C /* Resources */,
			);
			buildRules = (
			);
			dependencies = (
				2B50C67F2A8E846100A8512C /* PBXTargetDependency */,
			);
			name = MainMenuUITests;
			productName = MainMenuUITests;
			productReference = 2B50C67D2A8E846100A8512C /* MainMenuUITests.xctest */;
			productType = "com.apple.product-type.bundle.ui-testing";
		};
/* End PBXNativeTarget section */

/* Begin PBXProject section */
		2B50C65B2A8E845F00A8512C /* Project object */ = {
			isa = PBXProject;
			attributes = {
				BuildIndependentTargetsInParallel = 1;
				LastSwiftUpdateCheck = 1500;
				LastUpgradeCheck = 1500;
				TargetAttributes = {
					2B50C6622A8E845F00A8512C = {
						CreatedOnToolsVersion = 15.0;
					};
					2B50C6722A8E846100A8512C = {
						CreatedOnToolsVersion = 15.0;
						TestTargetID = 2B50C6622A8E845F00A8512C;
					};
					2B50C67C2A8E846100A8512C = {
						CreatedOnToolsVersion = 15.0;
						TestTargetID = 2B50C6622A8E845F00A8512C;
					};
				};
			};
			buildConfigurationList = 2B50C65E2A8E845F00A8512C /* Build configuration list for PBXProject "MainMenu" */;
			compatibilityVersion = "Xcode 14.0";
			developmentRegion = en;
			hasScannedForEncodings = 0;
			knownRegions = (
				en,
				Base,
			);
			mainGroup = 2B50C65A2A8E845F00A8512C;
			productRefGroup = 2B50C6642A8E845F00A8512C /* Products */;
			projectDirPath = "";
			projectRoot = "";
			targets = (
				2B50C6622A8E845F00A8512C /* MainMenu */,
				2B50C6722A8E846100A8512C /* MainMenuTests */,
				2B50C67C2A8E846100A8512C /* MainMenuUITests */,
			);
		};
/* End PBXProject section */

/* Begin PBXResourcesBuildPhase section */
		2B50C6612A8E845F00A8512C /* Resources */ = {
			isa = PBXResourcesBuildPhase;
			buildActionMask = 2147483647;
			files = (
				2B50C66E2A8E846100A8512C /* Preview Assets.xcassets in Resources */,
				2B50C66B2A8E846100A8512C /* Assets.xcassets in Resources */,
			);
			runOnlyForDeploymentPostprocessing = 0;
		};
		2B50C6712A8E846100A8512C /* Resources */ = {
			isa = PBXResourcesBuildPhase;
			buildActionMask = 2147483647;
			files = (
			);
			runOnlyForDeploymentPostprocessing = 0;
		};
		2B50C67B2A8E846100A8512C /* Resources */ = {
			isa = PBXResourcesBuildPhase;
			buildActionMask = 2147483647;
			files = (
			);
			runOnlyForDeploymentPostprocessing = 0;
		};
/* End PBXResourcesBuildPhase section */

/* Begin PBXSourcesBuildPhase section */
		2B50C65F2A8E845F00A8512C /* Sources */ = {
			isa = PBXSourcesBuildPhase;
			buildActionMask = 2147483647;
			files = (
				2B50C6692A8E845F00A8512C /* ContentView.swift in Sources */,
				2B50C6672A8E845F00A8512C /* MainMenuApp.swift in Sources */,
			);
			runOnlyForDeploymentPostprocessing = 0;
		};
		2B50C66F2A8E846100A8512C /* Sources */ = {
			isa = PBXSourcesBuildPhase;
			buildActionMask = 2147483647;
			files = (
				2B50C6782A8E846100A8512C /* MainMenuTests.swift in Sources */,
			);
			runOnlyForDeploymentPostprocessing = 0;
		};
		2B50C6792A8E846100A8512C /* Sources */ = {
			isa = PBXSourcesBuildPhase;
			buildActionMask = 2147483647;
			files = (
				2B50C6842A8E846100A8512C /* MainMenuUITestsLaunchTests.swift in Sources */,
				2B50C6822A8E846100A8512C /* MainMenuUITests.swift in Sources */,
			);
			runOnlyForDeploymentPostprocessing = 0;
		};
/* End PBXSourcesBuildPhase section */

/* Begin PBXTargetDependency section */
		2B50C6752A8E846100A8512C /* PBXTargetDependency */ = {
			isa = PBXTargetDependency;
			target = 2B50C6622A8E845F00A8512C /* MainMenu */;
			targetProxy = 2B50C6742A8E846100A8512C /* PBXContainerItemProxy */;
		};
		2B50C67F2A8E846100A8512C /* PBXTargetDependency */ = {
			isa = PBXTargetDependency;
			target = 2B50C6622A8E845F00A8512C /* MainMenu */;
			targetProxy = 2B50C67E2A8E846100A8512C /* PBXContainerItemProxy */;
		};
/* End PBXTargetDependency section */

/* Begin XCBuildConfiguration section */
		2B50C6852A8E846100A8512C /* Debug */ = {
			isa = XCBuildConfiguration;
			buildSettings = {
				ALWAYS_SEARCH_USER_PATHS = NO;
				ASSETCATALOG_COMPILER_GENERATE_SWIFT_ASSET_SYMBOL_EXTENSIONS = YES;
				CLANG_ANALYZER_NONNULL = YES;
				CLANG_ANALYZER_NUMBER_OBJECT_CONVERSION = YES_AGGRESSIVE;
				CLANG_CXX_LANGUAGE_STANDARD = "gnu++20";
				CLANG_ENABLE_MODULES = YES;
				CLANG_ENABLE_OBJC_ARC = YES;
				CLANG_ENABLE_OBJC_WEAK = YES;
				CLANG_WARN_BLOCK_CAPTURE_AUTORELEASING = YES;
				CLANG_WARN_BOOL_CONVERSION = YES;
				CLANG_WARN_COMMA = YES;
				CLANG_WARN_CONSTANT_CONVERSION = YES;
				CLANG_WARN_DEPRECATED_OBJC_IMPLEMENTATIONS = YES;
				CLANG_WARN_DIRECT_OBJC_ISA_USAGE = YES_ERROR;
				CLANG_WARN_DOCUMENTATION_COMMENTS = YES;
				CLANG_WARN_EMPTY_BODY = YES;
				CLANG_WARN_ENUM_CONVERSION = YES;
				CLANG_WARN_INFINITE_RECURSION = YES;
				CLANG_WARN_INT_CONVERSION = YES;
				CLANG_WARN_NON_LITERAL_NULL_CONVERSION = YES;
				CLANG_WARN_OBJC_IMPLICIT_RETAIN_SELF = YES;
				CLANG_WARN_OBJC_LITERAL_CONVERSION = YES;
				CLANG_WARN_OBJC_ROOT_CLASS = YES_ERROR;
				CLANG_WARN_QUOTED_INCLUDE_IN_FRAMEWORK_HEADER = YES;
				CLANG_WARN_RANGE_LOOP_ANALYSIS = YES;
				CLANG_WARN_STRICT_PROTOTYPES = YES;
				CLANG_WARN_SUSPICIOUS_MOVE = YES;
				CLANG_WARN_UNGUARDED_AVAILABILITY = YES_AGGRESSIVE;
				CLANG_WARN_UNREACHABLE_CODE = YES;
				CLANG_WARN__DUPLICATE_METHOD_MATCH = YES;
				COPY_PHASE_STRIP = NO;
				DEBUG_INFORMATION_FORMAT = dwarf;
				ENABLE_STRICT_OBJC_MSGSEND = YES;
				ENABLE_TESTABILITY = YES;
				ENABLE_USER_SCRIPT_SANDBOXING = YES;
				GCC_C_LANGUAGE_STANDARD = gnu17;
				GCC_DYNAMIC_NO_PIC = NO;
				GCC_NO_COMMON_BLOCKS = YES;
				GCC_OPTIMIZATION_LEVEL = 0;
				GCC_PREPROCESSOR_DEFINITIONS = (
					"DEBUG=1",
					"$(inherited)",
				);
				GCC_WARN_64_TO_32_BIT_CONVERSION = YES;
				GCC_WARN_ABOUT_RETURN_TYPE = YES_ERROR;
				GCC_WARN_UNDECLARED_SELECTOR = YES;
				GCC_WARN_UNINITIALIZED_AUTOS = YES_AGGRESSIVE;
				GCC_WARN_UNUSED_FUNCTION = YES;
				GCC_WARN_UNUSED_VARIABLE = YES;
				IPHONEOS_DEPLOYMENT_TARGET = 17.0;
				LOCALIZATION_PREFERS_STRING_CATALOGS = YES;
				MTL_ENABLE_DEBUG_INFO = INCLUDE_SOURCE;
				MTL_FAST_MATH = YES;
				ONLY_ACTIVE_ARCH = YES;
				SDKROOT = iphoneos;
				SWIFT_ACTIVE_COMPILATION_CONDITIONS = "DEBUG $(inherited)";
				SWIFT_OPTIMIZATION_LEVEL = "-Onone";
			};
			name = Debug;
		};
		2B50C6862A8E846100A8512C /* Release */ = {
			isa = XCBuildConfiguration;
			buildSettings = {
				ALWAYS_SEARCH_USER_PATHS = NO;
				ASSETCATALOG_COMPILER_GENERATE_SWIFT_ASSET_SYMBOL_EXTENSIONS = YES;
				CLANG_ANALYZER_NONNULL = YES;
				CLANG_ANALYZER_NUMBER_OBJECT_CONVERSION = YES_AGGRESSIVE;
				CLANG_CXX_LANGUAGE_STANDARD = "gnu++20";
				CLANG_ENABLE_MODULES = YES;
				CLANG_ENABLE_OBJC_ARC = YES;
				CLANG_ENABLE_OBJC_WEAK = YES;
				CLANG_WARN_BLOCK_CAPTURE_AUTORELEASING = YES;
				CLANG_WARN_BOOL_CONVERSION = YES;
				CLANG_WARN_COMMA = YES;
				CLANG_WARN_CONSTANT_CONVERSION = YES;
				CLANG_WARN_DEPRECATED_OBJC_IMPLEMENTATIONS = YES;
				CLANG_WARN_DIRECT_OBJC_ISA_USAGE = YES_ERROR;
				CLANG_WARN_DOCUMENTATION_COMMENTS = YES;
				CLANG_WARN_EMPTY_BODY = YES;
				CLANG_WARN_ENUM_CONVERSION = YES;
				CLANG_WARN_INFINITE_RECURSION = YES;
				CLANG_WARN_INT_CONVERSION = YES;
				CLANG_WARN_NON_LITERAL_NULL_CONVERSION = YES;
				CLANG_WARN_OBJC_IMPLICIT_RETAIN_SELF = YES;
				CLANG_WARN_OBJC_LITERAL_CONVERSION = YES;
				CLANG_WARN_OBJC_ROOT_CLASS = YES_ERROR;
				CLANG_WARN_QUOTED_INCLUDE_IN_FRAMEWORK_HEADER = YES;
				CLANG_WARN_RANGE_LOOP_ANALYSIS = YES;
				CLANG_WARN_STRICT_PROTOTYPES = YES;
				CLANG_WARN_SUSPICIOUS_MOVE = YES;
				CLANG_WARN_UNGUARDED_AVAILABILITY = YES_AGGRESSIVE;
				CLANG_WARN_UNREACHABLE_CODE = YES;
				CLANG_WARN__DUPLICATE_METHOD_MATCH = YES;
				COPY_PHASE_STRIP = NO;
				DEBUG_INFORMATION_FORMAT = "dwarf-with-dsym";
				ENABLE_NS_ASSERTIONS = NO;
				ENABLE_STRICT_OBJC_MSGSEND = YES;
				ENABLE_USER_SCRIPT_SANDBOXING = YES;
				GCC_C_LANGUAGE_STANDARD = gnu17;
				GCC_NO_COMMON_BLOCKS = YES;
				GCC_WARN_64_TO_32_BIT_CONVERSION = YES;
				GCC_WARN_ABOUT_RETURN_TYPE = YES_ERROR;
				GCC_WARN_UNDECLARED_SELECTOR = YES;
				GCC_WARN_UNINITIALIZED_AUTOS = YES_AGGRESSIVE;
				GCC_WARN_UNUSED_FUNCTION = YES;
				GCC_WARN_UNUSED_VARIABLE = YES;
				IPHONEOS_DEPLOYMENT_TARGET = 17.0;
				LOCALIZATION_PREFERS_STRING_CATALOGS = YES;
				MTL_ENABLE_DEBUG_INFO = NO;
				MTL_FAST_MATH = YES;
				SDKROOT = iphoneos;
				SWIFT_COMPILATION_MODE = wholemodule;
				VALIDATE_PRODUCT = YES;
			};
			name = Release;
		};
		2B50C6882A8E846100A8512C /* Debug */ = {
			isa = XCBuildConfiguration;
			buildSettings = {
				ASSETCATALOG_COMPILER_APPICON_NAME = AppIcon;
				ASSETCATALOG_COMPILER_GLOBAL_ACCENT_COLOR_NAME = AccentColor;
				CODE_SIGN_STYLE = Automatic;
				CURRENT_PROJECT_VERSION = 1;
				DEVELOPMENT_ASSET_PATHS = "\"MainMenu/Preview Content\"";
				ENABLE_PREVIEWS = YES;
				GENERATE_INFOPLIST_FILE = YES;
				INFOPLIST_KEY_UIApplicationSceneManifest_Generation = YES;
				INFOPLIST_KEY_UIApplicationSupportsIndirectInputEvents = YES;
				INFOPLIST_KEY_UILaunchScreen_Generation = YES;
				INFOPLIST_KEY_UISupportedInterfaceOrientations_iPad = "UIInterfaceOrientationPortrait UIInterfaceOrientationPortraitUpsideDown UIInterfaceOrientationLandscapeLeft UIInterfaceOrientationLandscapeRight";
				INFOPLIST_KEY_UISupportedInterfaceOrientations_iPhone = "UIInterfaceOrientationPortrait UIInterfaceOrientationLandscapeLeft UIInterfaceOrientationLandscapeRight";
				LD_RUNPATH_SEARCH_PATHS = (
					"$(inherited)",
					"@executable_path/Frameworks",
				);
				MARKETING_VERSION = 1.0;
				PRODUCT_BUNDLE_IDENTIFIER = org.MainMenu;
				PRODUCT_NAME = "$(TARGET_NAME)";
				SWIFT_EMIT_LOC_STRINGS = YES;
				SWIFT_VERSION = 5.0;
				TARGETED_DEVICE_FAMILY = "1,2";
			};
			name = Debug;
		};
		2B50C6892A8E846100A8512C /* Release */ = {
			isa = XCBuildConfiguration;
			buildSettings = {
				ASSETCATALOG_COMPILER_APPICON_NAME = AppIcon;
				ASSETCATALOG_COMPILER_GLOBAL_ACCENT_COLOR_NAME = AccentColor;
				CODE_SIGN_STYLE = Automatic;
				CURRENT_PROJECT_VERSION = 1;
				DEVELOPMENT_ASSET_PATHS = "\"MainMenu/Preview Content\"";
				ENABLE_PREVIEWS = YES;
				GENERATE_INFOPLIST_FILE = YES;
				INFOPLIST_KEY_UIApplicationSceneManifest_Generation = YES;
				INFOPLIST_KEY_UIApplicationSupportsIndirectInputEvents = YES;
				INFOPLIST_KEY_UILaunchScreen_Generation = YES;
				INFOPLIST_KEY_UISupportedInterfaceOrientations_iPad = "UIInterfaceOrientationPortrait UIInterfaceOrientationPortraitUpsideDown UIInterfaceOrientationLandscapeLeft UIInterfaceOrientationLandscapeRight";
				INFOPLIST_KEY_UISupportedInterfaceOrientations_iPhone = "UIInterfaceOrientationPortrait UIInterfaceOrientationLandscapeLeft UIInterfaceOrientationLandscapeRight";
				LD_RUNPATH_SEARCH_PATHS = (
					"$(inherited)",
					"@executable_path/Frameworks",
				);
				MARKETING_VERSION = 1.0;
				PRODUCT_BUNDLE_IDENTIFIER = org.MainMenu;
				PRODUCT_NAME = "$(TARGET_NAME)";
				SWIFT_EMIT_LOC_STRINGS = YES;
				SWIFT_VERSION = 5.0;
				TARGETED_DEVICE_FAMILY = "1,2";
			};
			name = Release;
		};
		2B50C68B2A8E846100A8512C /* Debug */ = {
			isa = XCBuildConfiguration;
			buildSettings = {
				ALWAYS_EMBED_SWIFT_STANDARD_LIBRARIES = YES;
				BUNDLE_LOADER = "$(TEST_HOST)";
				CODE_SIGN_STYLE = Automatic;
				CURRENT_PROJECT_VERSION = 1;
				GENERATE_INFOPLIST_FILE = YES;
				IPHONEOS_DEPLOYMENT_TARGET = 17.0;
				MARKETING_VERSION = 1.0;
				PRODUCT_BUNDLE_IDENTIFIER = org.MainMenuTests;
				PRODUCT_NAME = "$(TARGET_NAME)";
				SWIFT_EMIT_LOC_STRINGS = NO;
				SWIFT_VERSION = 5.0;
				TARGETED_DEVICE_FAMILY = "1,2";
				TEST_HOST = "$(BUILT_PRODUCTS_DIR)/MainMenu.app/$(BUNDLE_EXECUTABLE_FOLDER_PATH)/MainMenu";
			};
			name = Debug;
		};
		2B50C68C2A8E846100A8512C /* Release */ = {
			isa = XCBuildConfiguration;
			buildSettings = {
				ALWAYS_EMBED_SWIFT_STANDARD_LIBRARIES = YES;
				BUNDLE_LOADER = "$(TEST_HOST)";
				CODE_SIGN_STYLE = Automatic;
				CURRENT_PROJECT_VERSION = 1;
				GENERATE_INFOPLIST_FILE = YES;
				IPHONEOS_DEPLOYMENT_TARGET = 17.0;
				MARKETING_VERSION = 1.0;
				PRODUCT_BUNDLE_IDENTIFIER = org.MainMenuTests;
				PRODUCT_NAME = "$(TARGET_NAME)";
				SWIFT_EMIT_LOC_STRINGS = NO;
				SWIFT_VERSION = 5.0;
				TARGETED_DEVICE_FAMILY = "1,2";
				TEST_HOST = "$(BUILT_PRODUCTS_DIR)/MainMenu.app/$(BUNDLE_EXECUTABLE_FOLDER_PATH)/MainMenu";
			};
			name = Release;
		};
		2B50C68E2A8E846100A8512C /* Debug */ = {
			isa = XCBuildConfiguration;
			buildSettings = {
				ALWAYS_EMBED_SWIFT_STANDARD_LIBRARIES = YES;
				CODE_SIGN_STYLE = Automatic;
				CURRENT_PROJECT_VERSION = 1;
				GENERATE_INFOPLIST_FILE = YES;
				MARKETING_VERSION = 1.0;
				PRODUCT_BUNDLE_IDENTIFIER = org.MainMenuUITests;
				PRODUCT_NAME = "$(TARGET_NAME)";
				SWIFT_EMIT_LOC_STRINGS = NO;
				SWIFT_VERSION = 5.0;
				TARGETED_DEVICE_FAMILY = "1,2";
				TEST_TARGET_NAME = MainMenu;
			};
			name = Debug;
		};
		2B50C68F2A8E846100A8512C /* Release */ = {
			isa = XCBuildConfiguration;
			buildSettings = {
				ALWAYS_EMBED_SWIFT_STANDARD_LIBRARIES = YES;
				CODE_SIGN_STYLE = Automatic;
				CURRENT_PROJECT_VERSION = 1;
				GENERATE_INFOPLIST_FILE = YES;
				MARKETING_VERSION = 1.0;
				PRODUCT_BUNDLE_IDENTIFIER = org.MainMenuUITests;
				PRODUCT_NAME = "$(TARGET_NAME)";
				SWIFT_EMIT_LOC_STRINGS = NO;
				SWIFT_VERSION = 5.0;
				TARGETED_DEVICE_FAMILY = "1,2";
				TEST_TARGET_NAME = MainMenu;
			};
			name = Release;
		};
/* End XCBuildConfiguration section */

/* Begin XCConfigurationList section */
		2B50C65E2A8E845F00A8512C /* Build configuration list for PBXProject "MainMenu" */ = {
			isa = XCConfigurationList;
			buildConfigurations = (
				2B50C6852A8E846100A8512C /* Debug */,
				2B50C6862A8E846100A8512C /* Release */,
			);
			defaultConfigurationIsVisible = 0;
			defaultConfigurationName = Release;
		};
		2B50C6872A8E846100A8512C /* Build configuration list for PBXNativeTarget "MainMenu" */ = {
			isa = XCConfigurationList;
			buildConfigurations = (
				2B50C6882A8E846100A8512C /* Debug */,
				2B50C6892A8E846100A8512C /* Release */,
			);
			defaultConfigurationIsVisible = 0;
			defaultConfigurationName = Release;
		};
		2B50C68A2A8E846100A8512C /* Build configuration list for PBXNativeTarget "MainMenuTests" */ = {
			isa = XCConfigurationList;
			buildConfigurations = (
				2B50C68B2A8E846100A8512C /* Debug */,
				2B50C68C2A8E846100A8512C /* Release */,
			);
			defaultConfigurationIsVisible = 0;
			defaultConfigurationName = Release;
		};
		2B50C68D2A8E846100A8512C /* Build configuration list for PBXNativeTarget "MainMenuUITests" */ = {
			isa = XCConfigurationList;
			buildConfigurations = (
				2B50C68E2A8E846100A8512C /* Debug */,
				2B50C68F2A8E846100A8512C /* Release */,
			);
			defaultConfigurationIsVisible = 0;
			defaultConfigurationName = Release;
		};
/* End XCConfigurationList section */
	};
	rootObject = 2B50C65B2A8E845F00A8512C /* Project object */;
}
