// !$*UTF8*$!
{
	archiveVersion = 1;
	classes = {
	};
	objectVersion = 56;
	objects = {

/* Begin PBXBuildFile section */
		2B50C6672A8E845F00A8512C /* MainMenuApp.swift in Sources */ = {isa = PBXBuildFile; fileRef = 2B50C6662A8E845F00A8512C /* MainMenuApp.swift */; };
		2B50C6692A8E845F00A8512C /* ContentView.swift in Sources */ = {isa = PBXBuildFile; fileRef = 2B50C6682A8E845F00A8512C /* ContentView.swift */; };
		2B50C66B2A8E846100A8512C /* Assets.xcassets in Resources */ = {isa = PBXBuildFile; fileRef = 2B50C66A2A8E846100A8512C /* Assets.xcassets */; };
		2B50C66E2A8E846100A8512C /* Preview Assets.xcassets in Resources */ = {isa = PBXBuildFile; fileRef = 2B50C66D2A8E846100A8512C /* Preview Assets.xcassets */; };
		2B50C6782A8E846100A8512C /* MainMenuTests.swift in Sources */ = {isa = PBXBuildFile; fileRef = 2B50C6772A8E846100A8512C /* MainMenuTests.swift */; };
		2B50C6822A8E846100A8512C /* MainMenuUITests.swift in Sources */ = {isa = PBXBuildFile; fileRef = 2B50C6812A8E846100A8512C /* MainMenuUITests.swift */; };
		2B50C6842A8E846100A8512C /* MainMenuUITestsLaunchTests.swift in Sources */ = {isa = PBXBuildFile; fileRef = 2B50C6832A8E846100A8512C /* MainMenuUITestsLaunchTests.swift */; };
		2B50C6912A8E84B800A8512C /* AnswerButton.swift in Sources */ = {isa = PBXBuildFile; fileRef = 2B50C6902A8E84B800A8512C /* AnswerButton.swift */; };
		2B90B8B52A8E851000C7540D /* MentalMath.swift in Sources */ = {isa = PBXBuildFile; fileRef = 2B90B8B42A8E851000C7540D /* MentalMath.swift */; };
		2B90B8B92A8E879B00C7540D /* ColoursApp.swift in Sources */ = {isa = PBXBuildFile; fileRef = 2B90B8B82A8E879A00C7540D /* ColoursApp.swift */; };
		2B90B8BB2A8E87C100C7540D /* Colours.swift in Sources */ = {isa = PBXBuildFile; fileRef = 2B90B8BA2A8E87C100C7540D /* Colours.swift */; };
		2BBCD02D2A90989900741607 /* AnswerRow.swift in Sources */ = {isa = PBXBuildFile; fileRef = 2BBCD02C2A90989900741607 /* AnswerRow.swift */; };
		2BBCD02F2A9098D600741607 /* TriviaView.swift in Sources */ = {isa = PBXBuildFile; fileRef = 2BBCD02E2A9098D600741607 /* TriviaView.swift */; };
		2BBCD0312A9098FD00741607 /* TriviaManager.swift in Sources */ = {isa = PBXBuildFile; fileRef = 2BBCD0302A9098FD00741607 /* TriviaManager.swift */; };
		2BBCD0332A90991C00741607 /* QuizAppView.swift in Sources */ = {isa = PBXBuildFile; fileRef = 2BBCD0322A90991C00741607 /* QuizAppView.swift */; };
		2BBCD0352A90993800741607 /* Trivia.swift in Sources */ = {isa = PBXBuildFile; fileRef = 2BBCD0342A90993800741607 /* Trivia.swift */; };
		2BBCD0372A90994C00741607 /* Answer.swift in Sources */ = {isa = PBXBuildFile; fileRef = 2BBCD0362A90994C00741607 /* Answer.swift */; };
		2BBCD0392A90995C00741607 /* QuestionView.swift in Sources */ = {isa = PBXBuildFile; fileRef = 2BBCD0382A90995C00741607 /* QuestionView.swift */; };
		2BBCD03B2A9099C700741607 /* PrimaryButton.swift in Sources */ = {isa = PBXBuildFile; fileRef = 2BBCD03A2A9099C700741607 /* PrimaryButton.swift */; };
		2BBCD03D2A9099E400741607 /* ProgressBar.swift in Sources */ = {isa = PBXBuildFile; fileRef = 2BBCD03C2A9099E400741607 /* ProgressBar.swift */; };
		2BBCD03F2A909A5200741607 /* Extensions.swift in Sources */ = {isa = PBXBuildFile; fileRef = 2BBCD03E2A909A5200741607 /* Extensions.swift */; };
		2BBCD0422A909CEC00741607 /* EmojiMemoryGameView.swift in Sources */ = {isa = PBXBuildFile; fileRef = 2BBCD0412A909CEC00741607 /* EmojiMemoryGameView.swift */; };
		2BBCD0442A909D2F00741607 /* ThemeSelectionView.swift in Sources */ = {isa = PBXBuildFile; fileRef = 2BBCD0432A909D2F00741607 /* ThemeSelectionView.swift */; };
		2BBCD0462A909D6100741607 /* ThemeEditorView.swift in Sources */ = {isa = PBXBuildFile; fileRef = 2BBCD0452A909D6100741607 /* ThemeEditorView.swift */; };
		2BBCD0482A909D9000741607 /* EmojiMemoryGameViewModel.swift in Sources */ = {isa = PBXBuildFile; fileRef = 2BBCD0472A909D9000741607 /* EmojiMemoryGameViewModel.swift */; };
		2BBCD04A2A909DD200741607 /* ThemeCollectionManager.swift in Sources */ = {isa = PBXBuildFile; fileRef = 2BBCD0492A909DD200741607 /* ThemeCollectionManager.swift */; };
		2BBCD04C2A909DEE00741607 /* MemoryGame.swift in Sources */ = {isa = PBXBuildFile; fileRef = 2BBCD04B2A909DEE00741607 /* MemoryGame.swift */; };
		2BBCD04E2A909E0600741607 /* ThemeCollection.swift in Sources */ = {isa = PBXBuildFile; fileRef = 2BBCD04D2A909E0600741607 /* ThemeCollection.swift */; };
		2BBCD0502A909E2800741607 /* UIColor+RGBA.swift in Sources */ = {isa = PBXBuildFile; fileRef = 2BBCD04F2A909E2800741607 /* UIColor+RGBA.swift */; };
		2BBCD0522A909E3F00741607 /* Array+Only.swift in Sources */ = {isa = PBXBuildFile; fileRef = 2BBCD0512A909E3F00741607 /* Array+Only.swift */; };
		2BBCD0542A909E5100741607 /* Array+Identifiable.swift in Sources */ = {isa = PBXBuildFile; fileRef = 2BBCD0532A909E5100741607 /* Array+Identifiable.swift */; };
		2BBCD0562A909E6A00741607 /* Int+RandomExcludingSome.swift in Sources */ = {isa = PBXBuildFile; fileRef = 2BBCD0552A909E6A00741607 /* Int+RandomExcludingSome.swift */; };
		2BBCD0582A909E9400741607 /* String+ToArray.swift in Sources */ = {isa = PBXBuildFile; fileRef = 2BBCD0572A909E9400741607 /* String+ToArray.swift */; };
		2BBCD05A2A909EC700741607 /* DefaultThemes.swift in Sources */ = {isa = PBXBuildFile; fileRef = 2BBCD0592A909EC700741607 /* DefaultThemes.swift */; };
		2BBCD05C2A909EE800741607 /* Cardify.swift in Sources */ = {isa = PBXBuildFile; fileRef = 2BBCD05B2A909EE800741607 /* Cardify.swift */; };
		2BBCD05E2A909EFD00741607 /* Pie.swift in Sources */ = {isa = PBXBuildFile; fileRef = 2BBCD05D2A909EFD00741607 /* Pie.swift */; };
		2BBCD0602A909F1100741607 /* Grid.swift in Sources */ = {isa = PBXBuildFile; fileRef = 2BBCD05F2A909F1100741607 /* Grid.swift */; };
		2BBCD0622A909F2B00741607 /* GridLayout.swift in Sources */ = {isa = PBXBuildFile; fileRef = 2BBCD0612A909F2B00741607 /* GridLayout.swift */; };
/* End PBXBuildFile section */

/* Begin PBXContainerItemProxy section */
		2B50C6742A8E846100A8512C /* PBXContainerItemProxy */ = {
			isa = PBXContainerItemProxy;
			containerPortal = 2B50C65B2A8E845F00A8512C /* Project object */;
			proxyType = 1;
			remoteGlobalIDString = 2B50C6622A8E845F00A8512C;
			remoteInfo = MainMenu;
		};
		2B50C67E2A8E846100A8512C /* PBXContainerItemProxy */ = {
			isa = PBXContainerItemProxy;
			containerPortal = 2B50C65B2A8E845F00A8512C /* Project object */;
			proxyType = 1;
			remoteGlobalIDString = 2B50C6622A8E845F00A8512C;
			remoteInfo = MainMenu;
		};
/* End PBXContainerItemProxy section */

/* Begin PBXFileReference section */
		2B50C6632A8E845F00A8512C /* MainMenu.app */ = {isa = PBXFileReference; explicitFileType = wrapper.application; includeInIndex = 0; path = MainMenu.app; sourceTree = BUILT_PRODUCTS_DIR; };
		2B50C6662A8E845F00A8512C /* MainMenuApp.swift */ = {isa = PBXFileReference; lastKnownFileType = sourcecode.swift; path = MainMenuApp.swift; sourceTree = "<group>"; };
		2B50C6682A8E845F00A8512C /* ContentView.swift */ = {isa = PBXFileReference; lastKnownFileType = sourcecode.swift; path = ContentView.swift; sourceTree = "<group>"; };
		2B50C66A2A8E846100A8512C /* Assets.xcassets */ = {isa = PBXFileReference; lastKnownFileType = folder.assetcatalog; path = Assets.xcassets; sourceTree = "<group>"; };
		2B50C66D2A8E846100A8512C /* Preview Assets.xcassets */ = {isa = PBXFileReference; lastKnownFileType = folder.assetcatalog; path = "Preview Assets.xcassets"; sourceTree = "<group>"; };
		2B50C6732A8E846100A8512C /* MainMenuTests.xctest */ = {isa = PBXFileReference; explicitFileType = wrapper.cfbundle; includeInIndex = 0; path = MainMenuTests.xctest; sourceTree = BUILT_PRODUCTS_DIR; };
		2B50C6772A8E846100A8512C /* MainMenuTests.swift */ = {isa = PBXFileReference; lastKnownFileType = sourcecode.swift; path = MainMenuTests.swift; sourceTree = "<group>"; };
		2B50C67D2A8E846100A8512C /* MainMenuUITests.xctest */ = {isa = PBXFileReference; explicitFileType = wrapper.cfbundle; includeInIndex = 0; path = MainMenuUITests.xctest; sourceTree = BUILT_PRODUCTS_DIR; };
		2B50C6812A8E846100A8512C /* MainMenuUITests.swift */ = {isa = PBXFileReference; lastKnownFileType = sourcecode.swift; path = MainMenuUITests.swift; sourceTree = "<group>"; };
		2B50C6832A8E846100A8512C /* MainMenuUITestsLaunchTests.swift */ = {isa = PBXFileReference; lastKnownFileType = sourcecode.swift; path = MainMenuUITestsLaunchTests.swift; sourceTree = "<group>"; };
		2B50C6902A8E84B800A8512C /* AnswerButton.swift */ = {isa = PBXFileReference; lastKnownFileType = sourcecode.swift; path = AnswerButton.swift; sourceTree = "<group>"; };
		2B90B8B42A8E851000C7540D /* MentalMath.swift */ = {isa = PBXFileReference; lastKnownFileType = sourcecode.swift; path = MentalMath.swift; sourceTree = "<group>"; };
		2B90B8B82A8E879A00C7540D /* ColoursApp.swift */ = {isa = PBXFileReference; lastKnownFileType = sourcecode.swift; path = ColoursApp.swift; sourceTree = "<group>"; };
		2B90B8BA2A8E87C100C7540D /* Colours.swift */ = {isa = PBXFileReference; lastKnownFileType = sourcecode.swift; path = Colours.swift; sourceTree = "<group>"; };
		2BBCD02C2A90989900741607 /* AnswerRow.swift */ = {isa = PBXFileReference; lastKnownFileType = sourcecode.swift; path = AnswerRow.swift; sourceTree = "<group>"; };
		2BBCD02E2A9098D600741607 /* TriviaView.swift */ = {isa = PBXFileReference; lastKnownFileType = sourcecode.swift; path = TriviaView.swift; sourceTree = "<group>"; };
		2BBCD0302A9098FD00741607 /* TriviaManager.swift */ = {isa = PBXFileReference; lastKnownFileType = sourcecode.swift; path = TriviaManager.swift; sourceTree = "<group>"; };
		2BBCD0322A90991C00741607 /* QuizAppView.swift */ = {isa = PBXFileReference; lastKnownFileType = sourcecode.swift; path = QuizAppView.swift; sourceTree = "<group>"; };
		2BBCD0342A90993800741607 /* Trivia.swift */ = {isa = PBXFileReference; lastKnownFileType = sourcecode.swift; path = Trivia.swift; sourceTree = "<group>"; };
		2BBCD0362A90994C00741607 /* Answer.swift */ = {isa = PBXFileReference; lastKnownFileType = sourcecode.swift; path = Answer.swift; sourceTree = "<group>"; };
		2BBCD0382A90995C00741607 /* QuestionView.swift */ = {isa = PBXFileReference; lastKnownFileType = sourcecode.swift; path = QuestionView.swift; sourceTree = "<group>"; };
		2BBCD03A2A9099C700741607 /* PrimaryButton.swift */ = {isa = PBXFileReference; lastKnownFileType = sourcecode.swift; path = PrimaryButton.swift; sourceTree = "<group>"; };
		2BBCD03C2A9099E400741607 /* ProgressBar.swift */ = {isa = PBXFileReference; lastKnownFileType = sourcecode.swift; path = ProgressBar.swift; sourceTree = "<group>"; };
		2BBCD03E2A909A5200741607 /* Extensions.swift */ = {isa = PBXFileReference; lastKnownFileType = sourcecode.swift; path = Extensions.swift; sourceTree = "<group>"; };
		2BBCD0412A909CEC00741607 /* EmojiMemoryGameView.swift */ = {isa = PBXFileReference; lastKnownFileType = sourcecode.swift; path = EmojiMemoryGameView.swift; sourceTree = "<group>"; };
		2BBCD0432A909D2F00741607 /* ThemeSelectionView.swift */ = {isa = PBXFileReference; lastKnownFileType = sourcecode.swift; path = ThemeSelectionView.swift; sourceTree = "<group>"; };
		2BBCD0452A909D6100741607 /* ThemeEditorView.swift */ = {isa = PBXFileReference; lastKnownFileType = sourcecode.swift; path = ThemeEditorView.swift; sourceTree = "<group>"; };
		2BBCD0472A909D9000741607 /* EmojiMemoryGameViewModel.swift */ = {isa = PBXFileReference; lastKnownFileType = sourcecode.swift; path = EmojiMemoryGameViewModel.swift; sourceTree = "<group>"; };
		2BBCD0492A909DD200741607 /* ThemeCollectionManager.swift */ = {isa = PBXFileReference; lastKnownFileType = sourcecode.swift; path = ThemeCollectionManager.swift; sourceTree = "<group>"; };
		2BBCD04B2A909DEE00741607 /* MemoryGame.swift */ = {isa = PBXFileReference; lastKnownFileType = sourcecode.swift; path = MemoryGame.swift; sourceTree = "<group>"; };
		2BBCD04D2A909E0600741607 /* ThemeCollection.swift */ = {isa = PBXFileReference; lastKnownFileType = sourcecode.swift; path = ThemeCollection.swift; sourceTree = "<group>"; };
		2BBCD04F2A909E2800741607 /* UIColor+RGBA.swift */ = {isa = PBXFileReference; lastKnownFileType = sourcecode.swift; path = "UIColor+RGBA.swift"; sourceTree = "<group>"; };
		2BBCD0512A909E3F00741607 /* Array+Only.swift */ = {isa = PBXFileReference; lastKnownFileType = sourcecode.swift; path = "Array+Only.swift"; sourceTree = "<group>"; };
		2BBCD0532A909E5100741607 /* Array+Identifiable.swift */ = {isa = PBXFileReference; lastKnownFileType = sourcecode.swift; path = "Array+Identifiable.swift"; sourceTree = "<group>"; };
		2BBCD0552A909E6A00741607 /* Int+RandomExcludingSome.swift */ = {isa = PBXFileReference; lastKnownFileType = sourcecode.swift; path = "Int+RandomExcludingSome.swift"; sourceTree = "<group>"; };
		2BBCD0572A909E9400741607 /* String+ToArray.swift */ = {isa = PBXFileReference; lastKnownFileType = sourcecode.swift; path = "String+ToArray.swift"; sourceTree = "<group>"; };
		2BBCD0592A909EC700741607 /* DefaultThemes.swift */ = {isa = PBXFileReference; lastKnownFileType = sourcecode.swift; path = DefaultThemes.swift; sourceTree = "<group>"; };
		2BBCD05B2A909EE800741607 /* Cardify.swift */ = {isa = PBXFileReference; lastKnownFileType = sourcecode.swift; path = Cardify.swift; sourceTree = "<group>"; };
		2BBCD05D2A909EFD00741607 /* Pie.swift */ = {isa = PBXFileReference; lastKnownFileType = sourcecode.swift; path = Pie.swift; sourceTree = "<group>"; };
		2BBCD05F2A909F1100741607 /* Grid.swift */ = {isa = PBXFileReference; lastKnownFileType = sourcecode.swift; path = Grid.swift; sourceTree = "<group>"; };
		2BBCD0612A909F2B00741607 /* GridLayout.swift */ = {isa = PBXFileReference; lastKnownFileType = sourcecode.swift; path = GridLayout.swift; sourceTree = "<group>"; };
/* End PBXFileReference section */

/* Begin PBXFrameworksBuildPhase section */
		2B50C6602A8E845F00A8512C /* Frameworks */ = {
			isa = PBXFrameworksBuildPhase;
			buildActionMask = 2147483647;
			files = (
			);
			runOnlyForDeploymentPostprocessing = 0;
		};
		2B50C6702A8E846100A8512C /* Frameworks */ = {
			isa = PBXFrameworksBuildPhase;
			buildActionMask = 2147483647;
			files = (
			);
			runOnlyForDeploymentPostprocessing = 0;
		};
		2B50C67A2A8E846100A8512C /* Frameworks */ = {
			isa = PBXFrameworksBuildPhase;
			buildActionMask = 2147483647;
			files = (
			);
			runOnlyForDeploymentPostprocessing = 0;
		};
/* End PBXFrameworksBuildPhase section */

/* Begin PBXGroup section */
		2B356E022A8FDC16005FD57F /* Colours */ = {
			isa = PBXGroup;
			children = (
				2B90B8B82A8E879A00C7540D /* ColoursApp.swift */,
				2B90B8BA2A8E87C100C7540D /* Colours.swift */,
			);
			path = Colours;
			sourceTree = "<group>";
		};
		2B356E032A8FDC32005FD57F /* MentalMath */ = {
			isa = PBXGroup;
			children = (
				2B50C6902A8E84B800A8512C /* AnswerButton.swift */,
				2B90B8B42A8E851000C7540D /* MentalMath.swift */,
			);
			path = MentalMath;
			sourceTree = "<group>";
		};
		2B356E042A8FDC56005FD57F /* Quiz */ = {
			isa = PBXGroup;
			children = (
				2BBCD02C2A90989900741607 /* AnswerRow.swift */,
				2BBCD03A2A9099C700741607 /* PrimaryButton.swift */,
				2BBCD02E2A9098D600741607 /* TriviaView.swift */,
				2BBCD03C2A9099E400741607 /* ProgressBar.swift */,
				2BBCD0342A90993800741607 /* Trivia.swift */,
				2BBCD0382A90995C00741607 /* QuestionView.swift */,
				2BBCD0362A90994C00741607 /* Answer.swift */,
				2BBCD0302A9098FD00741607 /* TriviaManager.swift */,
				2BBCD03E2A909A5200741607 /* Extensions.swift */,
				2BBCD0322A90991C00741607 /* QuizAppView.swift */,
			);
			path = Quiz;
			sourceTree = "<group>";
		};
		2B50C65A2A8E845F00A8512C = {
			isa = PBXGroup;
			children = (
				2B50C6652A8E845F00A8512C /* MainMenu */,
				2B50C6762A8E846100A8512C /* MainMenuTests */,
				2B50C6802A8E846100A8512C /* MainMenuUITests */,
				2B50C6642A8E845F00A8512C /* Products */,
			);
			sourceTree = "<group>";
		};
		2B50C6642A8E845F00A8512C /* Products */ = {
			isa = PBXGroup;
			children = (
				2B50C6632A8E845F00A8512C /* MainMenu.app */,
				2B50C6732A8E846100A8512C /* MainMenuTests.xctest */,
				2B50C67D2A8E846100A8512C /* MainMenuUITests.xctest */,
			);
			name = Products;
			sourceTree = "<group>";
		};
		2B50C6652A8E845F00A8512C /* MainMenu */ = {
			isa = PBXGroup;
			children = (
				2B50C6662A8E845F00A8512C /* MainMenuApp.swift */,
				2B50C6682A8E845F00A8512C /* ContentView.swift */,
				2B356E042A8FDC56005FD57F /* Quiz */,
				2B356E022A8FDC16005FD57F /* Colours */,
				2BBCD0402A909CBD00741607 /* Memory */,
				2B356E032A8FDC32005FD57F /* MentalMath */,
				2B50C66A2A8E846100A8512C /* Assets.xcassets */,
				2B50C66C2A8E846100A8512C /* Preview Content */,
			);
			path = MainMenu;
			sourceTree = "<group>";
		};
		2B50C66C2A8E846100A8512C /* Preview Content */ = {
			isa = PBXGroup;
			children = (
				2B50C66D2A8E846100A8512C /* Preview Assets.xcassets */,
			);
			path = "Preview Content";
			sourceTree = "<group>";
		};
		2B50C6762A8E846100A8512C /* MainMenuTests */ = {
			isa = PBXGroup;
			children = (
				2B50C6772A8E846100A8512C /* MainMenuTests.swift */,
			);
			path = MainMenuTests;
			sourceTree = "<group>";
		};
		2B50C6802A8E846100A8512C /* MainMenuUITests */ = {
			isa = PBXGroup;
			children = (
				2B50C6812A8E846100A8512C /* MainMenuUITests.swift */,
				2B50C6832A8E846100A8512C /* MainMenuUITestsLaunchTests.swift */,
			);
			path = MainMenuUITests;
			sourceTree = "<group>";
		};
		2BBCD0402A909CBD00741607 /* Memory */ = {
			isa = PBXGroup;
			children = (
				2BBCD0412A909CEC00741607 /* EmojiMemoryGameView.swift */,
				2BBCD0432A909D2F00741607 /* ThemeSelectionView.swift */,
				2BBCD0452A909D6100741607 /* ThemeEditorView.swift */,
				2BBCD0472A909D9000741607 /* EmojiMemoryGameViewModel.swift */,
				2BBCD0492A909DD200741607 /* ThemeCollectionManager.swift */,
				2BBCD04B2A909DEE00741607 /* MemoryGame.swift */,
				2BBCD04D2A909E0600741607 /* ThemeCollection.swift */,
				2BBCD04F2A909E2800741607 /* UIColor+RGBA.swift */,
				2BBCD0512A909E3F00741607 /* Array+Only.swift */,
				2BBCD0532A909E5100741607 /* Array+Identifiable.swift */,
				2BBCD0552A909E6A00741607 /* Int+RandomExcludingSome.swift */,
				2BBCD0572A909E9400741607 /* String+ToArray.swift */,
				2BBCD0592A909EC700741607 /* DefaultThemes.swift */,
				2BBCD05B2A909EE800741607 /* Cardify.swift */,
				2BBCD05D2A909EFD00741607 /* Pie.swift */,
				2BBCD05F2A909F1100741607 /* Grid.swift */,
				2BBCD0612A909F2B00741607 /* GridLayout.swift */,
			);
			path = Memory;
			sourceTree = "<group>";
		};
/* End PBXGroup section */

/* Begin PBXNativeTarget section */
		2B50C6622A8E845F00A8512C /* MainMenu */ = {
			isa = PBXNativeTarget;
			buildConfigurationList = 2B50C6872A8E846100A8512C /* Build configuration list for PBXNativeTarget "MainMenu" */;
			buildPhases = (
				2B50C65F2A8E845F00A8512C /* Sources */,
				2B50C6602A8E845F00A8512C /* Frameworks */,
				2B50C6612A8E845F00A8512C /* Resources */,
			);
			buildRules = (
			);
			dependencies = (
			);
			name = MainMenu;
			productName = MainMenu;
			productReference = 2B50C6632A8E845F00A8512C /* MainMenu.app */;
			productType = "com.apple.product-type.application";
		};
		2B50C6722A8E846100A8512C /* MainMenuTests */ = {
			isa = PBXNativeTarget;
			buildConfigurationList = 2B50C68A2A8E846100A8512C /* Build configuration list for PBXNativeTarget "MainMenuTests" */;
			buildPhases = (
				2B50C66F2A8E846100A8512C /* Sources */,
				2B50C6702A8E846100A8512C /* Frameworks */,
				2B50C6712A8E846100A8512C /* Resources */,
			);
			buildRules = (
			);
			dependencies = (
				2B50C6752A8E846100A8512C /* PBXTargetDependency */,
			);
			name = MainMenuTests;
			productName = MainMenuTests;
			productReference = 2B50C6732A8E846100A8512C /* MainMenuTests.xctest */;
			productType = "com.apple.product-type.bundle.unit-test";
		};
		2B50C67C2A8E846100A8512C /* MainMenuUITests */ = {
			isa = PBXNativeTarget;
			buildConfigurationList = 2B50C68D2A8E846100A8512C /* Build configuration list for PBXNativeTarget "MainMenuUITests" */;
			buildPhases = (
				2B50C6792A8E846100A8512C /* Sources */,
				2B50C67A2A8E846100A8512C /* Frameworks */,
				2B50C67B2A8E846100A8512C /* Resources */,
			);
			buildRules = (
			);
			dependencies = (
				2B50C67F2A8E846100A8512C /* PBXTargetDependency */,
			);
			name = MainMenuUITests;
			productName = MainMenuUITests;
			productReference = 2B50C67D2A8E846100A8512C /* MainMenuUITests.xctest */;
			productType = "com.apple.product-type.bundle.ui-testing";
		};
/* End PBXNativeTarget section */

/* Begin PBXProject section */
		2B50C65B2A8E845F00A8512C /* Project object */ = {
			isa = PBXProject;
			attributes = {
				BuildIndependentTargetsInParallel = 1;
				LastSwiftUpdateCheck = 1500;
				LastUpgradeCheck = 1500;
				TargetAttributes = {
					2B50C6622A8E845F00A8512C = {
						CreatedOnToolsVersion = 15.0;
					};
					2B50C6722A8E846100A8512C = {
						CreatedOnToolsVersion = 15.0;
						TestTargetID = 2B50C6622A8E845F00A8512C;
					};
					2B50C67C2A8E846100A8512C = {
						CreatedOnToolsVersion = 15.0;
						TestTargetID = 2B50C6622A8E845F00A8512C;
					};
				};
			};
			buildConfigurationList = 2B50C65E2A8E845F00A8512C /* Build configuration list for PBXProject "MainMenu" */;
			compatibilityVersion = "Xcode 14.0";
			developmentRegion = en;
			hasScannedForEncodings = 0;
			knownRegions = (
				en,
				Base,
			);
			mainGroup = 2B50C65A2A8E845F00A8512C;
			productRefGroup = 2B50C6642A8E845F00A8512C /* Products */;
			projectDirPath = "";
			projectRoot = "";
			targets = (
				2B50C6622A8E845F00A8512C /* MainMenu */,
				2B50C6722A8E846100A8512C /* MainMenuTests */,
				2B50C67C2A8E846100A8512C /* MainMenuUITests */,
			);
		};
/* End PBXProject section */

/* Begin PBXResourcesBuildPhase section */
		2B50C6612A8E845F00A8512C /* Resources */ = {
			isa = PBXResourcesBuildPhase;
			buildActionMask = 2147483647;
			files = (
				2B50C66E2A8E846100A8512C /* Preview Assets.xcassets in Resources */,
				2B50C66B2A8E846100A8512C /* Assets.xcassets in Resources */,
			);
			runOnlyForDeploymentPostprocessing = 0;
		};
		2B50C6712A8E846100A8512C /* Resources */ = {
			isa = PBXResourcesBuildPhase;
			buildActionMask = 2147483647;
			files = (
			);
			runOnlyForDeploymentPostprocessing = 0;
		};
		2B50C67B2A8E846100A8512C /* Resources */ = {
			isa = PBXResourcesBuildPhase;
			buildActionMask = 2147483647;
			files = (
			);
			runOnlyForDeploymentPostprocessing = 0;
		};
/* End PBXResourcesBuildPhase section */

/* Begin PBXSourcesBuildPhase section */
		2B50C65F2A8E845F00A8512C /* Sources */ = {
			isa = PBXSourcesBuildPhase;
			buildActionMask = 2147483647;
			files = (
				2B50C6692A8E845F00A8512C /* ContentView.swift in Sources */,
				2B90B8BB2A8E87C100C7540D /* Colours.swift in Sources */,
				2BBCD0312A9098FD00741607 /* TriviaManager.swift in Sources */,
				2BBCD0522A909E3F00741607 /* Array+Only.swift in Sources */,
				2BBCD0442A909D2F00741607 /* ThemeSelectionView.swift in Sources */,
				2BBCD04C2A909DEE00741607 /* MemoryGame.swift in Sources */,
				2BBCD0482A909D9000741607 /* EmojiMemoryGameViewModel.swift in Sources */,
				2BBCD0582A909E9400741607 /* String+ToArray.swift in Sources */,
				2BBCD0372A90994C00741607 /* Answer.swift in Sources */,
				2BBCD03B2A9099C700741607 /* PrimaryButton.swift in Sources */,
				2BBCD0422A909CEC00741607 /* EmojiMemoryGameView.swift in Sources */,
				2BBCD0602A909F1100741607 /* Grid.swift in Sources */,
				2BBCD0352A90993800741607 /* Trivia.swift in Sources */,
				2B50C6672A8E845F00A8512C /* MainMenuApp.swift in Sources */,
				2BBCD0392A90995C00741607 /* QuestionView.swift in Sources */,
				2B50C6912A8E84B800A8512C /* AnswerButton.swift in Sources */,
				2BBCD04A2A909DD200741607 /* ThemeCollectionManager.swift in Sources */,
				2BBCD0332A90991C00741607 /* QuizAppView.swift in Sources */,
				2BBCD05E2A909EFD00741607 /* Pie.swift in Sources */,
				2BBCD02D2A90989900741607 /* AnswerRow.swift in Sources */,
				2BBCD05C2A909EE800741607 /* Cardify.swift in Sources */,
				2BBCD0622A909F2B00741607 /* GridLayout.swift in Sources */,
				2BBCD03F2A909A5200741607 /* Extensions.swift in Sources */,
				2BBCD0502A909E2800741607 /* UIColor+RGBA.swift in Sources */,
				2BBCD0542A909E5100741607 /* Array+Identifiable.swift in Sources */,
				2BBCD02F2A9098D600741607 /* TriviaView.swift in Sources */,
				2B90B8B92A8E879B00C7540D /* ColoursApp.swift in Sources */,
				2BBCD0562A909E6A00741607 /* Int+RandomExcludingSome.swift in Sources */,
				2BBCD04E2A909E0600741607 /* ThemeCollection.swift in Sources */,
				2BBCD03D2A9099E400741607 /* ProgressBar.swift in Sources */,
				2B90B8B52A8E851000C7540D /* MentalMath.swift in Sources */,
				2BBCD05A2A909EC700741607 /* DefaultThemes.swift in Sources */,
				2BBCD0462A909D6100741607 /* ThemeEditorView.swift in Sources */,
			);
			runOnlyForDeploymentPostprocessing = 0;
		};
		2B50C66F2A8E846100A8512C /* Sources */ = {
			isa = PBXSourcesBuildPhase;
			buildActionMask = 2147483647;
			files = (
				2B50C6782A8E846100A8512C /* MainMenuTests.swift in Sources */,
			);
			runOnlyForDeploymentPostprocessing = 0;
		};
		2B50C6792A8E846100A8512C /* Sources */ = {
			isa = PBXSourcesBuildPhase;
			buildActionMask = 2147483647;
			files = (
				2B50C6842A8E846100A8512C /* MainMenuUITestsLaunchTests.swift in Sources */,
				2B50C6822A8E846100A8512C /* MainMenuUITests.swift in Sources */,
			);
			runOnlyForDeploymentPostprocessing = 0;
		};
/* End PBXSourcesBuildPhase section */

/* Begin PBXTargetDependency section */
		2B50C6752A8E846100A8512C /* PBXTargetDependency */ = {
			isa = PBXTargetDependency;
			target = 2B50C6622A8E845F00A8512C /* MainMenu */;
			targetProxy = 2B50C6742A8E846100A8512C /* PBXContainerItemProxy */;
		};
		2B50C67F2A8E846100A8512C /* PBXTargetDependency */ = {
			isa = PBXTargetDependency;
			target = 2B50C6622A8E845F00A8512C /* MainMenu */;
			targetProxy = 2B50C67E2A8E846100A8512C /* PBXContainerItemProxy */;
		};
/* End PBXTargetDependency section */

/* Begin XCBuildConfiguration section */
		2B50C6852A8E846100A8512C /* Debug */ = {
			isa = XCBuildConfiguration;
			buildSettings = {
				ALWAYS_SEARCH_USER_PATHS = NO;
				ASSETCATALOG_COMPILER_GENERATE_SWIFT_ASSET_SYMBOL_EXTENSIONS = YES;
				CLANG_ANALYZER_NONNULL = YES;
				CLANG_ANALYZER_NUMBER_OBJECT_CONVERSION = YES_AGGRESSIVE;
				CLANG_CXX_LANGUAGE_STANDARD = "gnu++20";
				CLANG_ENABLE_MODULES = YES;
				CLANG_ENABLE_OBJC_ARC = YES;
				CLANG_ENABLE_OBJC_WEAK = YES;
				CLANG_WARN_BLOCK_CAPTURE_AUTORELEASING = YES;
				CLANG_WARN_BOOL_CONVERSION = YES;
				CLANG_WARN_COMMA = YES;
				CLANG_WARN_CONSTANT_CONVERSION = YES;
				CLANG_WARN_DEPRECATED_OBJC_IMPLEMENTATIONS = YES;
				CLANG_WARN_DIRECT_OBJC_ISA_USAGE = YES_ERROR;
				CLANG_WARN_DOCUMENTATION_COMMENTS = YES;
				CLANG_WARN_EMPTY_BODY = YES;
				CLANG_WARN_ENUM_CONVERSION = YES;
				CLANG_WARN_INFINITE_RECURSION = YES;
				CLANG_WARN_INT_CONVERSION = YES;
				CLANG_WARN_NON_LITERAL_NULL_CONVERSION = YES;
				CLANG_WARN_OBJC_IMPLICIT_RETAIN_SELF = YES;
				CLANG_WARN_OBJC_LITERAL_CONVERSION = YES;
				CLANG_WARN_OBJC_ROOT_CLASS = YES_ERROR;
				CLANG_WARN_QUOTED_INCLUDE_IN_FRAMEWORK_HEADER = YES;
				CLANG_WARN_RANGE_LOOP_ANALYSIS = YES;
				CLANG_WARN_STRICT_PROTOTYPES = YES;
				CLANG_WARN_SUSPICIOUS_MOVE = YES;
				CLANG_WARN_UNGUARDED_AVAILABILITY = YES_AGGRESSIVE;
				CLANG_WARN_UNREACHABLE_CODE = YES;
				CLANG_WARN__DUPLICATE_METHOD_MATCH = YES;
				COPY_PHASE_STRIP = NO;
				DEBUG_INFORMATION_FORMAT = dwarf;
				ENABLE_STRICT_OBJC_MSGSEND = YES;
				ENABLE_TESTABILITY = YES;
				ENABLE_USER_SCRIPT_SANDBOXING = YES;
				GCC_C_LANGUAGE_STANDARD = gnu17;
				GCC_DYNAMIC_NO_PIC = NO;
				GCC_NO_COMMON_BLOCKS = YES;
				GCC_OPTIMIZATION_LEVEL = 0;
				GCC_PREPROCESSOR_DEFINITIONS = (
					"DEBUG=1",
					"$(inherited)",
				);
				GCC_WARN_64_TO_32_BIT_CONVERSION = YES;
				GCC_WARN_ABOUT_RETURN_TYPE = YES_ERROR;
				GCC_WARN_UNDECLARED_SELECTOR = YES;
				GCC_WARN_UNINITIALIZED_AUTOS = YES_AGGRESSIVE;
				GCC_WARN_UNUSED_FUNCTION = YES;
				GCC_WARN_UNUSED_VARIABLE = YES;
				IPHONEOS_DEPLOYMENT_TARGET = 17.0;
				LOCALIZATION_PREFERS_STRING_CATALOGS = YES;
				MTL_ENABLE_DEBUG_INFO = INCLUDE_SOURCE;
				MTL_FAST_MATH = YES;
				ONLY_ACTIVE_ARCH = YES;
				SDKROOT = iphoneos;
				SWIFT_ACTIVE_COMPILATION_CONDITIONS = "DEBUG $(inherited)";
				SWIFT_OPTIMIZATION_LEVEL = "-Onone";
			};
			name = Debug;
		};
		2B50C6862A8E846100A8512C /* Release */ = {
			isa = XCBuildConfiguration;
			buildSettings = {
				ALWAYS_SEARCH_USER_PATHS = NO;
				ASSETCATALOG_COMPILER_GENERATE_SWIFT_ASSET_SYMBOL_EXTENSIONS = YES;
				CLANG_ANALYZER_NONNULL = YES;
				CLANG_ANALYZER_NUMBER_OBJECT_CONVERSION = YES_AGGRESSIVE;
				CLANG_CXX_LANGUAGE_STANDARD = "gnu++20";
				CLANG_ENABLE_MODULES = YES;
				CLANG_ENABLE_OBJC_ARC = YES;
				CLANG_ENABLE_OBJC_WEAK = YES;
				CLANG_WARN_BLOCK_CAPTURE_AUTORELEASING = YES;
				CLANG_WARN_BOOL_CONVERSION = YES;
				CLANG_WARN_COMMA = YES;
				CLANG_WARN_CONSTANT_CONVERSION = YES;
				CLANG_WARN_DEPRECATED_OBJC_IMPLEMENTATIONS = YES;
				CLANG_WARN_DIRECT_OBJC_ISA_USAGE = YES_ERROR;
				CLANG_WARN_DOCUMENTATION_COMMENTS = YES;
				CLANG_WARN_EMPTY_BODY = YES;
				CLANG_WARN_ENUM_CONVERSION = YES;
				CLANG_WARN_INFINITE_RECURSION = YES;
				CLANG_WARN_INT_CONVERSION = YES;
				CLANG_WARN_NON_LITERAL_NULL_CONVERSION = YES;
				CLANG_WARN_OBJC_IMPLICIT_RETAIN_SELF = YES;
				CLANG_WARN_OBJC_LITERAL_CONVERSION = YES;
				CLANG_WARN_OBJC_ROOT_CLASS = YES_ERROR;
				CLANG_WARN_QUOTED_INCLUDE_IN_FRAMEWORK_HEADER = YES;
				CLANG_WARN_RANGE_LOOP_ANALYSIS = YES;
				CLANG_WARN_STRICT_PROTOTYPES = YES;
				CLANG_WARN_SUSPICIOUS_MOVE = YES;
				CLANG_WARN_UNGUARDED_AVAILABILITY = YES_AGGRESSIVE;
				CLANG_WARN_UNREACHABLE_CODE = YES;
				CLANG_WARN__DUPLICATE_METHOD_MATCH = YES;
				COPY_PHASE_STRIP = NO;
				DEBUG_INFORMATION_FORMAT = "dwarf-with-dsym";
				ENABLE_NS_ASSERTIONS = NO;
				ENABLE_STRICT_OBJC_MSGSEND = YES;
				ENABLE_USER_SCRIPT_SANDBOXING = YES;
				GCC_C_LANGUAGE_STANDARD = gnu17;
				GCC_NO_COMMON_BLOCKS = YES;
				GCC_WARN_64_TO_32_BIT_CONVERSION = YES;
				GCC_WARN_ABOUT_RETURN_TYPE = YES_ERROR;
				GCC_WARN_UNDECLARED_SELECTOR = YES;
				GCC_WARN_UNINITIALIZED_AUTOS = YES_AGGRESSIVE;
				GCC_WARN_UNUSED_FUNCTION = YES;
				GCC_WARN_UNUSED_VARIABLE = YES;
				IPHONEOS_DEPLOYMENT_TARGET = 17.0;
				LOCALIZATION_PREFERS_STRING_CATALOGS = YES;
				MTL_ENABLE_DEBUG_INFO = NO;
				MTL_FAST_MATH = YES;
				SDKROOT = iphoneos;
				SWIFT_COMPILATION_MODE = wholemodule;
				VALIDATE_PRODUCT = YES;
			};
			name = Release;
		};
		2B50C6882A8E846100A8512C /* Debug */ = {
			isa = XCBuildConfiguration;
			buildSettings = {
				ASSETCATALOG_COMPILER_APPICON_NAME = AppIcon;
				ASSETCATALOG_COMPILER_GLOBAL_ACCENT_COLOR_NAME = AccentColor;
				CODE_SIGN_STYLE = Automatic;
				CURRENT_PROJECT_VERSION = 1;
				DEVELOPMENT_ASSET_PATHS = "\"MainMenu/Preview Content\"";
				ENABLE_PREVIEWS = YES;
				GENERATE_INFOPLIST_FILE = YES;
				INFOPLIST_KEY_UIApplicationSceneManifest_Generation = YES;
				INFOPLIST_KEY_UIApplicationSupportsIndirectInputEvents = YES;
				INFOPLIST_KEY_UILaunchScreen_Generation = YES;
				INFOPLIST_KEY_UISupportedInterfaceOrientations_iPad = "UIInterfaceOrientationPortrait UIInterfaceOrientationPortraitUpsideDown UIInterfaceOrientationLandscapeLeft UIInterfaceOrientationLandscapeRight";
				INFOPLIST_KEY_UISupportedInterfaceOrientations_iPhone = "UIInterfaceOrientationPortrait UIInterfaceOrientationLandscapeLeft UIInterfaceOrientationLandscapeRight";
				LD_RUNPATH_SEARCH_PATHS = (
					"$(inherited)",
					"@executable_path/Frameworks",
				);
				MARKETING_VERSION = 1.0;
				PRODUCT_BUNDLE_IDENTIFIER = org.MainMenu;
				PRODUCT_NAME = "$(TARGET_NAME)";
				SWIFT_EMIT_LOC_STRINGS = YES;
				SWIFT_VERSION = 5.0;
				TARGETED_DEVICE_FAMILY = "1,2";
			};
			name = Debug;
		};
		2B50C6892A8E846100A8512C /* Release */ = {
			isa = XCBuildConfiguration;
			buildSettings = {
				ASSETCATALOG_COMPILER_APPICON_NAME = AppIcon;
				ASSETCATALOG_COMPILER_GLOBAL_ACCENT_COLOR_NAME = AccentColor;
				CODE_SIGN_STYLE = Automatic;
				CURRENT_PROJECT_VERSION = 1;
				DEVELOPMENT_ASSET_PATHS = "\"MainMenu/Preview Content\"";
				ENABLE_PREVIEWS = YES;
				GENERATE_INFOPLIST_FILE = YES;
				INFOPLIST_KEY_UIApplicationSceneManifest_Generation = YES;
				INFOPLIST_KEY_UIApplicationSupportsIndirectInputEvents = YES;
				INFOPLIST_KEY_UILaunchScreen_Generation = YES;
				INFOPLIST_KEY_UISupportedInterfaceOrientations_iPad = "UIInterfaceOrientationPortrait UIInterfaceOrientationPortraitUpsideDown UIInterfaceOrientationLandscapeLeft UIInterfaceOrientationLandscapeRight";
				INFOPLIST_KEY_UISupportedInterfaceOrientations_iPhone = "UIInterfaceOrientationPortrait UIInterfaceOrientationLandscapeLeft UIInterfaceOrientationLandscapeRight";
				LD_RUNPATH_SEARCH_PATHS = (
					"$(inherited)",
					"@executable_path/Frameworks",
				);
				MARKETING_VERSION = 1.0;
				PRODUCT_BUNDLE_IDENTIFIER = org.MainMenu;
				PRODUCT_NAME = "$(TARGET_NAME)";
				SWIFT_EMIT_LOC_STRINGS = YES;
				SWIFT_VERSION = 5.0;
				TARGETED_DEVICE_FAMILY = "1,2";
			};
			name = Release;
		};
		2B50C68B2A8E846100A8512C /* Debug */ = {
			isa = XCBuildConfiguration;
			buildSettings = {
				ALWAYS_EMBED_SWIFT_STANDARD_LIBRARIES = YES;
				BUNDLE_LOADER = "$(TEST_HOST)";
				CODE_SIGN_STYLE = Automatic;
				CURRENT_PROJECT_VERSION = 1;
				GENERATE_INFOPLIST_FILE = YES;
				IPHONEOS_DEPLOYMENT_TARGET = 17.0;
				MARKETING_VERSION = 1.0;
				PRODUCT_BUNDLE_IDENTIFIER = org.MainMenuTests;
				PRODUCT_NAME = "$(TARGET_NAME)";
				SWIFT_EMIT_LOC_STRINGS = NO;
				SWIFT_VERSION = 5.0;
				TARGETED_DEVICE_FAMILY = "1,2";
				TEST_HOST = "$(BUILT_PRODUCTS_DIR)/MainMenu.app/$(BUNDLE_EXECUTABLE_FOLDER_PATH)/MainMenu";
			};
			name = Debug;
		};
		2B50C68C2A8E846100A8512C /* Release */ = {
			isa = XCBuildConfiguration;
			buildSettings = {
				ALWAYS_EMBED_SWIFT_STANDARD_LIBRARIES = YES;
				BUNDLE_LOADER = "$(TEST_HOST)";
				CODE_SIGN_STYLE = Automatic;
				CURRENT_PROJECT_VERSION = 1;
				GENERATE_INFOPLIST_FILE = YES;
				IPHONEOS_DEPLOYMENT_TARGET = 17.0;
				MARKETING_VERSION = 1.0;
				PRODUCT_BUNDLE_IDENTIFIER = org.MainMenuTests;
				PRODUCT_NAME = "$(TARGET_NAME)";
				SWIFT_EMIT_LOC_STRINGS = NO;
				SWIFT_VERSION = 5.0;
				TARGETED_DEVICE_FAMILY = "1,2";
				TEST_HOST = "$(BUILT_PRODUCTS_DIR)/MainMenu.app/$(BUNDLE_EXECUTABLE_FOLDER_PATH)/MainMenu";
			};
			name = Release;
		};
		2B50C68E2A8E846100A8512C /* Debug */ = {
			isa = XCBuildConfiguration;
			buildSettings = {
				ALWAYS_EMBED_SWIFT_STANDARD_LIBRARIES = YES;
				CODE_SIGN_STYLE = Automatic;
				CURRENT_PROJECT_VERSION = 1;
				GENERATE_INFOPLIST_FILE = YES;
				MARKETING_VERSION = 1.0;
				PRODUCT_BUNDLE_IDENTIFIER = org.MainMenuUITests;
				PRODUCT_NAME = "$(TARGET_NAME)";
				SWIFT_EMIT_LOC_STRINGS = NO;
				SWIFT_VERSION = 5.0;
				TARGETED_DEVICE_FAMILY = "1,2";
				TEST_TARGET_NAME = MainMenu;
			};
			name = Debug;
		};
		2B50C68F2A8E846100A8512C /* Release */ = {
			isa = XCBuildConfiguration;
			buildSettings = {
				ALWAYS_EMBED_SWIFT_STANDARD_LIBRARIES = YES;
				CODE_SIGN_STYLE = Automatic;
				CURRENT_PROJECT_VERSION = 1;
				GENERATE_INFOPLIST_FILE = YES;
				MARKETING_VERSION = 1.0;
				PRODUCT_BUNDLE_IDENTIFIER = org.MainMenuUITests;
				PRODUCT_NAME = "$(TARGET_NAME)";
				SWIFT_EMIT_LOC_STRINGS = NO;
				SWIFT_VERSION = 5.0;
				TARGETED_DEVICE_FAMILY = "1,2";
				TEST_TARGET_NAME = MainMenu;
			};
			name = Release;
		};
/* End XCBuildConfiguration section */

/* Begin XCConfigurationList section */
		2B50C65E2A8E845F00A8512C /* Build configuration list for PBXProject "MainMenu" */ = {
			isa = XCConfigurationList;
			buildConfigurations = (
				2B50C6852A8E846100A8512C /* Debug */,
				2B50C6862A8E846100A8512C /* Release */,
			);
			defaultConfigurationIsVisible = 0;
			defaultConfigurationName = Release;
		};
		2B50C6872A8E846100A8512C /* Build configuration list for PBXNativeTarget "MainMenu" */ = {
			isa = XCConfigurationList;
			buildConfigurations = (
				2B50C6882A8E846100A8512C /* Debug */,
				2B50C6892A8E846100A8512C /* Release */,
			);
			defaultConfigurationIsVisible = 0;
			defaultConfigurationName = Release;
		};
		2B50C68A2A8E846100A8512C /* Build configuration list for PBXNativeTarget "MainMenuTests" */ = {
			isa = XCConfigurationList;
			buildConfigurations = (
				2B50C68B2A8E846100A8512C /* Debug */,
				2B50C68C2A8E846100A8512C /* Release */,
			);
			defaultConfigurationIsVisible = 0;
			defaultConfigurationName = Release;
		};
		2B50C68D2A8E846100A8512C /* Build configuration list for PBXNativeTarget "MainMenuUITests" */ = {
			isa = XCConfigurationList;
			buildConfigurations = (
				2B50C68E2A8E846100A8512C /* Debug */,
				2B50C68F2A8E846100A8512C /* Release */,
			);
			defaultConfigurationIsVisible = 0;
			defaultConfigurationName = Release;
		};
/* End XCConfigurationList section */
	};
	rootObject = 2B50C65B2A8E845F00A8512C /* Project object */;
}
